// !$*UTF8*$!
{
	archiveVersion = 1;
	classes = {
	};
	objectVersion = 50;
	objects = {

/* Begin PBXBuildFile section */
		3F557BC52470C7D900C75B0A /* AppDelegate.swift in Sources */ = {isa = PBXBuildFile; fileRef = 3F557BC42470C7D900C75B0A /* AppDelegate.swift */; };
		3F557BC92470C7D900C75B0A /* ViewController.swift in Sources */ = {isa = PBXBuildFile; fileRef = 3F557BC82470C7D900C75B0A /* ViewController.swift */; };
		3F557BCC2470C7D900C75B0A /* Main.storyboard in Resources */ = {isa = PBXBuildFile; fileRef = 3F557BCA2470C7D900C75B0A /* Main.storyboard */; };
		3F557BCE2470C7DC00C75B0A /* Assets.xcassets in Resources */ = {isa = PBXBuildFile; fileRef = 3F557BCD2470C7DC00C75B0A /* Assets.xcassets */; };
		3F557BD12470C7DC00C75B0A /* LaunchScreen.storyboard in Resources */ = {isa = PBXBuildFile; fileRef = 3F557BCF2470C7DC00C75B0A /* LaunchScreen.storyboard */; };
		3F557BD92470DD6B00C75B0A /* ThirstySoftRegular.otf in Resources */ = {isa = PBXBuildFile; fileRef = 3F557BD82470DD6B00C75B0A /* ThirstySoftRegular.otf */; };
		3F557BDB2470DD7B00C75B0A /* Delm-Medium.otf in Resources */ = {isa = PBXBuildFile; fileRef = 3F557BDA2470DD7B00C75B0A /* Delm-Medium.otf */; };
		3F575FF7247440B00020DA07 /* Default-568h@2x.png in Resources */ = {isa = PBXBuildFile; fileRef = 3F575FF6247440B00020DA07 /* Default-568h@2x.png */; };
		3F5B8E8B247454500043A4EF /* SceneDelegate.swift in Sources */ = {isa = PBXBuildFile; fileRef = 3F557BC62470C7D900C75B0A /* SceneDelegate.swift */; };
/* End PBXBuildFile section */

/* Begin PBXFileReference section */
		3F557BC12470C7D900C75B0A /* Instagrid.app */ = {isa = PBXFileReference; explicitFileType = wrapper.application; includeInIndex = 0; path = Instagrid.app; sourceTree = BUILT_PRODUCTS_DIR; };
		3F557BC42470C7D900C75B0A /* AppDelegate.swift */ = {isa = PBXFileReference; lastKnownFileType = sourcecode.swift; path = AppDelegate.swift; sourceTree = "<group>"; };
		3F557BC62470C7D900C75B0A /* SceneDelegate.swift */ = {isa = PBXFileReference; lastKnownFileType = sourcecode.swift; path = SceneDelegate.swift; sourceTree = "<group>"; };
		3F557BC82470C7D900C75B0A /* ViewController.swift */ = {isa = PBXFileReference; lastKnownFileType = sourcecode.swift; path = ViewController.swift; sourceTree = "<group>"; };
		3F557BCB2470C7D900C75B0A /* Base */ = {isa = PBXFileReference; lastKnownFileType = file.storyboard; name = Base; path = Base.lproj/Main.storyboard; sourceTree = "<group>"; };
		3F557BCD2470C7DC00C75B0A /* Assets.xcassets */ = {isa = PBXFileReference; lastKnownFileType = folder.assetcatalog; path = Assets.xcassets; sourceTree = "<group>"; };
		3F557BD02470C7DC00C75B0A /* Base */ = {isa = PBXFileReference; lastKnownFileType = file.storyboard; name = Base; path = Base.lproj/LaunchScreen.storyboard; sourceTree = "<group>"; };
		3F557BD22470C7DC00C75B0A /* Info.plist */ = {isa = PBXFileReference; lastKnownFileType = text.plist.xml; path = Info.plist; sourceTree = "<group>"; };
		3F557BD82470DD6B00C75B0A /* ThirstySoftRegular.otf */ = {isa = PBXFileReference; lastKnownFileType = file; path = ThirstySoftRegular.otf; sourceTree = "<group>"; };
		3F557BDA2470DD7B00C75B0A /* Delm-Medium.otf */ = {isa = PBXFileReference; lastKnownFileType = file; path = "Delm-Medium.otf"; sourceTree = "<group>"; };
		3F575FF6247440B00020DA07 /* Default-568h@2x.png */ = {isa = PBXFileReference; lastKnownFileType = image.png; path = "Default-568h@2x.png"; sourceTree = "<group>"; };
/* End PBXFileReference section */

/* Begin PBXFrameworksBuildPhase section */
		3F557BBE2470C7D900C75B0A /* Frameworks */ = {
			isa = PBXFrameworksBuildPhase;
			buildActionMask = 2147483647;
			files = (
			);
			runOnlyForDeploymentPostprocessing = 0;
		};
/* End PBXFrameworksBuildPhase section */

/* Begin PBXGroup section */
		3F557BB82470C7D900C75B0A = {
			isa = PBXGroup;
			children = (
				3F575FF6247440B00020DA07 /* Default-568h@2x.png */,
				3F557BC32470C7D900C75B0A /* Instagrid */,
				3F557BC22470C7D900C75B0A /* Products */,
			);
			sourceTree = "<group>";
		};
		3F557BC22470C7D900C75B0A /* Products */ = {
			isa = PBXGroup;
			children = (
				3F557BC12470C7D900C75B0A /* Instagrid.app */,
			);
			name = Products;
			sourceTree = "<group>";
		};
		3F557BC32470C7D900C75B0A /* Instagrid */ = {
			isa = PBXGroup;
			children = (
				3F7C0EF92472252B00B44A6A /* Other */,
				3F7C0EF5247224D400B44A6A /* Model */,
				3F7C0EF6247224DC00B44A6A /* View */,
				3F7C0EF7247224F100B44A6A /* Controller */,
			);
			path = Instagrid;
			sourceTree = "<group>";
		};
		3F7C0EF5247224D400B44A6A /* Model */ = {
			isa = PBXGroup;
			children = (
			);
			path = Model;
			sourceTree = "<group>";
		};
		3F7C0EF6247224DC00B44A6A /* View */ = {
			isa = PBXGroup;
			children = (
				3F557BCF2470C7DC00C75B0A /* LaunchScreen.storyboard */,
				3F557BCA2470C7D900C75B0A /* Main.storyboard */,
			);
			path = View;
			sourceTree = "<group>";
		};
		3F7C0EF7247224F100B44A6A /* Controller */ = {
			isa = PBXGroup;
			children = (
				3F557BC82470C7D900C75B0A /* ViewController.swift */,
			);
			path = Controller;
			sourceTree = "<group>";
		};
		3F7C0EF92472252B00B44A6A /* Other */ = {
			isa = PBXGroup;
			children = (
				3F557BC62470C7D900C75B0A /* SceneDelegate.swift */,
				3F557BC42470C7D900C75B0A /* AppDelegate.swift */,
				3F557BD82470DD6B00C75B0A /* ThirstySoftRegular.otf */,
				3F557BDA2470DD7B00C75B0A /* Delm-Medium.otf */,
				3F557BCD2470C7DC00C75B0A /* Assets.xcassets */,
				3F557BD22470C7DC00C75B0A /* Info.plist */,
			);
			path = Other;
			sourceTree = "<group>";
		};
/* End PBXGroup section */

/* Begin PBXNativeTarget section */
		3F557BC02470C7D900C75B0A /* Instagrid */ = {
			isa = PBXNativeTarget;
			buildConfigurationList = 3F557BD52470C7DC00C75B0A /* Build configuration list for PBXNativeTarget "Instagrid" */;
			buildPhases = (
				3F557BBD2470C7D900C75B0A /* Sources */,
				3F557BBE2470C7D900C75B0A /* Frameworks */,
				3F557BBF2470C7D900C75B0A /* Resources */,
			);
			buildRules = (
			);
			dependencies = (
			);
			name = Instagrid;
			productName = Instagrid;
			productReference = 3F557BC12470C7D900C75B0A /* Instagrid.app */;
			productType = "com.apple.product-type.application";
		};
/* End PBXNativeTarget section */

/* Begin PBXProject section */
		3F557BB92470C7D900C75B0A /* Project object */ = {
			isa = PBXProject;
			attributes = {
				LastSwiftUpdateCheck = 1140;
				LastUpgradeCheck = 1140;
				ORGANIZATIONNAME = "Saddam Satouyev";
				TargetAttributes = {
					3F557BC02470C7D900C75B0A = {
						CreatedOnToolsVersion = 11.4.1;
					};
				};
			};
			buildConfigurationList = 3F557BBC2470C7D900C75B0A /* Build configuration list for PBXProject "Instagrid" */;
			compatibilityVersion = "Xcode 9.3";
			developmentRegion = en;
			hasScannedForEncodings = 0;
			knownRegions = (
				en,
				Base,
			);
			mainGroup = 3F557BB82470C7D900C75B0A;
			productRefGroup = 3F557BC22470C7D900C75B0A /* Products */;
			projectDirPath = "";
			projectRoot = "";
			targets = (
				3F557BC02470C7D900C75B0A /* Instagrid */,
			);
		};
/* End PBXProject section */

/* Begin PBXResourcesBuildPhase section */
		3F557BBF2470C7D900C75B0A /* Resources */ = {
			isa = PBXResourcesBuildPhase;
			buildActionMask = 2147483647;
			files = (
				3F557BD12470C7DC00C75B0A /* LaunchScreen.storyboard in Resources */,
				3F557BDB2470DD7B00C75B0A /* Delm-Medium.otf in Resources */,
				3F557BCE2470C7DC00C75B0A /* Assets.xcassets in Resources */,
				3F557BD92470DD6B00C75B0A /* ThirstySoftRegular.otf in Resources */,
				3F557BCC2470C7D900C75B0A /* Main.storyboard in Resources */,
				3F575FF7247440B00020DA07 /* Default-568h@2x.png in Resources */,
			);
			runOnlyForDeploymentPostprocessing = 0;
		};
/* End PBXResourcesBuildPhase section */

/* Begin PBXSourcesBuildPhase section */
		3F557BBD2470C7D900C75B0A /* Sources */ = {
			isa = PBXSourcesBuildPhase;
			buildActionMask = 2147483647;
			files = (
				3F5B8E8B247454500043A4EF /* SceneDelegate.swift in Sources */,
				3F557BC92470C7D900C75B0A /* ViewController.swift in Sources */,
				3F557BC52470C7D900C75B0A /* AppDelegate.swift in Sources */,
			);
			runOnlyForDeploymentPostprocessing = 0;
		};
/* End PBXSourcesBuildPhase section */

/* Begin PBXVariantGroup section */
		3F557BCA2470C7D900C75B0A /* Main.storyboard */ = {
			isa = PBXVariantGroup;
			children = (
				3F557BCB2470C7D900C75B0A /* Base */,
			);
			name = Main.storyboard;
			sourceTree = "<group>";
		};
		3F557BCF2470C7DC00C75B0A /* LaunchScreen.storyboard */ = {
			isa = PBXVariantGroup;
			children = (
				3F557BD02470C7DC00C75B0A /* Base */,
			);
			name = LaunchScreen.storyboard;
			sourceTree = "<group>";
		};
/* End PBXVariantGroup section */

/* Begin XCBuildConfiguration section */
		3F557BD32470C7DC00C75B0A /* Debug */ = {
			isa = XCBuildConfiguration;
			buildSettings = {
				ALWAYS_SEARCH_USER_PATHS = NO;
				CLANG_ANALYZER_NONNULL = YES;
				CLANG_ANALYZER_NUMBER_OBJECT_CONVERSION = YES_AGGRESSIVE;
				CLANG_CXX_LANGUAGE_STANDARD = "gnu++14";
				CLANG_CXX_LIBRARY = "libc++";
				CLANG_ENABLE_MODULES = YES;
				CLANG_ENABLE_OBJC_ARC = YES;
				CLANG_ENABLE_OBJC_WEAK = YES;
				CLANG_WARN_BLOCK_CAPTURE_AUTORELEASING = YES;
				CLANG_WARN_BOOL_CONVERSION = YES;
				CLANG_WARN_COMMA = YES;
				CLANG_WARN_CONSTANT_CONVERSION = YES;
				CLANG_WARN_DEPRECATED_OBJC_IMPLEMENTATIONS = YES;
				CLANG_WARN_DIRECT_OBJC_ISA_USAGE = YES_ERROR;
				CLANG_WARN_DOCUMENTATION_COMMENTS = YES;
				CLANG_WARN_EMPTY_BODY = YES;
				CLANG_WARN_ENUM_CONVERSION = YES;
				CLANG_WARN_INFINITE_RECURSION = YES;
				CLANG_WARN_INT_CONVERSION = YES;
				CLANG_WARN_NON_LITERAL_NULL_CONVERSION = YES;
				CLANG_WARN_OBJC_IMPLICIT_RETAIN_SELF = YES;
				CLANG_WARN_OBJC_LITERAL_CONVERSION = YES;
				CLANG_WARN_OBJC_ROOT_CLASS = YES_ERROR;
				CLANG_WARN_RANGE_LOOP_ANALYSIS = YES;
				CLANG_WARN_STRICT_PROTOTYPES = YES;
				CLANG_WARN_SUSPICIOUS_MOVE = YES;
				CLANG_WARN_UNGUARDED_AVAILABILITY = YES_AGGRESSIVE;
				CLANG_WARN_UNREACHABLE_CODE = YES;
				CLANG_WARN__DUPLICATE_METHOD_MATCH = YES;
				COPY_PHASE_STRIP = NO;
				DEBUG_INFORMATION_FORMAT = dwarf;
				ENABLE_STRICT_OBJC_MSGSEND = YES;
				ENABLE_TESTABILITY = YES;
				GCC_C_LANGUAGE_STANDARD = gnu11;
				GCC_DYNAMIC_NO_PIC = NO;
				GCC_NO_COMMON_BLOCKS = YES;
				GCC_OPTIMIZATION_LEVEL = 0;
				GCC_PREPROCESSOR_DEFINITIONS = (
					"DEBUG=1",
					"$(inherited)",
				);
				GCC_WARN_64_TO_32_BIT_CONVERSION = YES;
				GCC_WARN_ABOUT_RETURN_TYPE = YES_ERROR;
				GCC_WARN_UNDECLARED_SELECTOR = YES;
				GCC_WARN_UNINITIALIZED_AUTOS = YES_AGGRESSIVE;
				GCC_WARN_UNUSED_FUNCTION = YES;
				GCC_WARN_UNUSED_VARIABLE = YES;
				IPHONEOS_DEPLOYMENT_TARGET = 13.4;
				MTL_ENABLE_DEBUG_INFO = INCLUDE_SOURCE;
				MTL_FAST_MATH = YES;
				ONLY_ACTIVE_ARCH = YES;
				SDKROOT = iphoneos;
				SWIFT_ACTIVE_COMPILATION_CONDITIONS = DEBUG;
				SWIFT_OPTIMIZATION_LEVEL = "-Onone";
			};
			name = Debug;
		};
		3F557BD42470C7DC00C75B0A /* Release */ = {
			isa = XCBuildConfiguration;
			buildSettings = {
				ALWAYS_SEARCH_USER_PATHS = NO;
				CLANG_ANALYZER_NONNULL = YES;
				CLANG_ANALYZER_NUMBER_OBJECT_CONVERSION = YES_AGGRESSIVE;
				CLANG_CXX_LANGUAGE_STANDARD = "gnu++14";
				CLANG_CXX_LIBRARY = "libc++";
				CLANG_ENABLE_MODULES = YES;
				CLANG_ENABLE_OBJC_ARC = YES;
				CLANG_ENABLE_OBJC_WEAK = YES;
				CLANG_WARN_BLOCK_CAPTURE_AUTORELEASING = YES;
				CLANG_WARN_BOOL_CONVERSION = YES;
				CLANG_WARN_COMMA = YES;
				CLANG_WARN_CONSTANT_CONVERSION = YES;
				CLANG_WARN_DEPRECATED_OBJC_IMPLEMENTATIONS = YES;
				CLANG_WARN_DIRECT_OBJC_ISA_USAGE = YES_ERROR;
				CLANG_WARN_DOCUMENTATION_COMMENTS = YES;
				CLANG_WARN_EMPTY_BODY = YES;
				CLANG_WARN_ENUM_CONVERSION = YES;
				CLANG_WARN_INFINITE_RECURSION = YES;
				CLANG_WARN_INT_CONVERSION = YES;
				CLANG_WARN_NON_LITERAL_NULL_CONVERSION = YES;
				CLANG_WARN_OBJC_IMPLICIT_RETAIN_SELF = YES;
				CLANG_WARN_OBJC_LITERAL_CONVERSION = YES;
				CLANG_WARN_OBJC_ROOT_CLASS = YES_ERROR;
				CLANG_WARN_RANGE_LOOP_ANALYSIS = YES;
				CLANG_WARN_STRICT_PROTOTYPES = YES;
				CLANG_WARN_SUSPICIOUS_MOVE = YES;
				CLANG_WARN_UNGUARDED_AVAILABILITY = YES_AGGRESSIVE;
				CLANG_WARN_UNREACHABLE_CODE = YES;
				CLANG_WARN__DUPLICATE_METHOD_MATCH = YES;
				COPY_PHASE_STRIP = NO;
				DEBUG_INFORMATION_FORMAT = "dwarf-with-dsym";
				ENABLE_NS_ASSERTIONS = NO;
				ENABLE_STRICT_OBJC_MSGSEND = YES;
				GCC_C_LANGUAGE_STANDARD = gnu11;
				GCC_NO_COMMON_BLOCKS = YES;
				GCC_WARN_64_TO_32_BIT_CONVERSION = YES;
				GCC_WARN_ABOUT_RETURN_TYPE = YES_ERROR;
				GCC_WARN_UNDECLARED_SELECTOR = YES;
				GCC_WARN_UNINITIALIZED_AUTOS = YES_AGGRESSIVE;
				GCC_WARN_UNUSED_FUNCTION = YES;
				GCC_WARN_UNUSED_VARIABLE = YES;
				IPHONEOS_DEPLOYMENT_TARGET = 13.4;
				MTL_ENABLE_DEBUG_INFO = NO;
				MTL_FAST_MATH = YES;
				SDKROOT = iphoneos;
				SWIFT_COMPILATION_MODE = wholemodule;
				SWIFT_OPTIMIZATION_LEVEL = "-O";
				VALIDATE_PRODUCT = YES;
			};
			name = Release;
		};
		3F557BD62470C7DC00C75B0A /* Debug */ = {
			isa = XCBuildConfiguration;
			buildSettings = {
				ASSETCATALOG_COMPILER_APPICON_NAME = AppIcon;
				CODE_SIGN_STYLE = Automatic;
				DEVELOPMENT_TEAM = BAJKB9L735;
				INFOPLIST_FILE = Instagrid/Other/Info.plist;
				LD_RUNPATH_SEARCH_PATHS = (
					"$(inherited)",
					"@executable_path/Frameworks",
				);
				PRODUCT_BUNDLE_IDENTIFIER = com.saddam.Instagrid;
				PRODUCT_NAME = "$(TARGET_NAME)";
				SWIFT_VERSION = 5.0;
				TARGETED_DEVICE_FAMILY = 1;
			};
			name = Debug;
		};
		3F557BD72470C7DC00C75B0A /* Release */ = {
			isa = XCBuildConfiguration;
			buildSettings = {
				ASSETCATALOG_COMPILER_APPICON_NAME = AppIcon;
				CODE_SIGN_STYLE = Automatic;
				DEVELOPMENT_TEAM = BAJKB9L735;
				INFOPLIST_FILE = Instagrid/Other/Info.plist;
				LD_RUNPATH_SEARCH_PATHS = (
					"$(inherited)",
					"@executable_path/Frameworks",
				);
				PRODUCT_BUNDLE_IDENTIFIER = com.saddam.Instagrid;
				PRODUCT_NAME = "$(TARGET_NAME)";
				SWIFT_VERSION = 5.0;
				TARGETED_DEVICE_FAMILY = 1;
			};
			name = Release;
		};
/* End XCBuildConfiguration section */

/* Begin XCConfigurationList section */
		3F557BBC2470C7D900C75B0A /* Build configuration list for PBXProject "Instagrid" */ = {
			isa = XCConfigurationList;
			buildConfigurations = (
				3F557BD32470C7DC00C75B0A /* Debug */,
				3F557BD42470C7DC00C75B0A /* Release */,
			);
			defaultConfigurationIsVisible = 0;
			defaultConfigurationName = Release;
		};
		3F557BD52470C7DC00C75B0A /* Build configuration list for PBXNativeTarget "Instagrid" */ = {
			isa = XCConfigurationList;
			buildConfigurations = (
				3F557BD62470C7DC00C75B0A /* Debug */,
				3F557BD72470C7DC00C75B0A /* Release */,
			);
			defaultConfigurationIsVisible = 0;
			defaultConfigurationName = Release;
		};
/* End XCConfigurationList section */
	};
	rootObject = 3F557BB92470C7D900C75B0A /* Project object */;
}
